// !$*UTF8*$!
{
	archiveVersion = 1;
	classes = {
	};
	objectVersion = 50;
	objects = {

/* Begin PBXBuildFile section */
		6718AA842324D66300992892 /* Constant.swift in Sources */ = {isa = PBXBuildFile; fileRef = 6718AA832324D66300992892 /* Constant.swift */; };
		6718AA862324E1F000992892 /* PDFCollectionViewCell.swift in Sources */ = {isa = PBXBuildFile; fileRef = 6718AA852324E1F000992892 /* PDFCollectionViewCell.swift */; };
		6718AA892324E5CF00992892 /* Sample_pdf__150kB.pdf in Resources */ = {isa = PBXBuildFile; fileRef = 6718AA882324E5CF00992892 /* Sample_pdf__150kB.pdf */; };
		6718AA8B2324EB1600992892 /* DocCollectionViewCell.swift in Sources */ = {isa = PBXBuildFile; fileRef = 6718AA8A2324EB1600992892 /* DocCollectionViewCell.swift */; };
		6718AA8D2324F3CE00992892 /* Sample-doc-file-100kb.doc in Resources */ = {isa = PBXBuildFile; fileRef = 6718AA8C2324F3CE00992892 /* Sample-doc-file-100kb.doc */; };
		6718AA902324F59B00992892 /* WebKit.framework in Frameworks */ = {isa = PBXBuildFile; fileRef = 6718AA8F2324F59B00992892 /* WebKit.framework */; };
		6718AA9223251FEA00992892 /* SampleVideo_1280x720_20mb.mp4 in Resources */ = {isa = PBXBuildFile; fileRef = 6718AA9123251FEA00992892 /* SampleVideo_1280x720_20mb.mp4 */; };
		6718AA9423252F9F00992892 /* VideoCollectionViewCell.swift in Sources */ = {isa = PBXBuildFile; fileRef = 6718AA9323252F9F00992892 /* VideoCollectionViewCell.swift */; };
		6718AA962325360300992892 /* ImageCollectionViewCell.swift in Sources */ = {isa = PBXBuildFile; fileRef = 6718AA952325360300992892 /* ImageCollectionViewCell.swift */; };
		67CE52962322B593004189C8 /* ContentModel.swift in Sources */ = {isa = PBXBuildFile; fileRef = 67CE52952322B593004189C8 /* ContentModel.swift */; };
		67CE52982322B5C5004189C8 /* ContentService.swift in Sources */ = {isa = PBXBuildFile; fileRef = 67CE52972322B5C5004189C8 /* ContentService.swift */; };
		67CE529A2322B612004189C8 /* ContentPresenter.swift in Sources */ = {isa = PBXBuildFile; fileRef = 67CE52992322B612004189C8 /* ContentPresenter.swift */; };
		67E2A7482322427F00F6027A /* AppDelegate.swift in Sources */ = {isa = PBXBuildFile; fileRef = 67E2A7472322427F00F6027A /* AppDelegate.swift */; };
		67E2A74D2322427F00F6027A /* Main.storyboard in Resources */ = {isa = PBXBuildFile; fileRef = 67E2A74B2322427F00F6027A /* Main.storyboard */; };
		67E2A74F2322428000F6027A /* Assets.xcassets in Resources */ = {isa = PBXBuildFile; fileRef = 67E2A74E2322428000F6027A /* Assets.xcassets */; };
		67E2A7522322428000F6027A /* LaunchScreen.storyboard in Resources */ = {isa = PBXBuildFile; fileRef = 67E2A7502322428000F6027A /* LaunchScreen.storyboard */; };
		67F2280323239A7800346217 /* ContentViewController.swift in Sources */ = {isa = PBXBuildFile; fileRef = 67F2280223239A7800346217 /* ContentViewController.swift */; };
/* End PBXBuildFile section */

/* Begin PBXFileReference section */
		6718AA832324D66300992892 /* Constant.swift */ = {isa = PBXFileReference; lastKnownFileType = sourcecode.swift; path = Constant.swift; sourceTree = "<group>"; };
		6718AA852324E1F000992892 /* PDFCollectionViewCell.swift */ = {isa = PBXFileReference; lastKnownFileType = sourcecode.swift; path = PDFCollectionViewCell.swift; sourceTree = "<group>"; };
		6718AA882324E5CF00992892 /* Sample_pdf__150kB.pdf */ = {isa = PBXFileReference; lastKnownFileType = image.pdf; path = Sample_pdf__150kB.pdf; sourceTree = "<group>"; };
		6718AA8A2324EB1600992892 /* DocCollectionViewCell.swift */ = {isa = PBXFileReference; lastKnownFileType = sourcecode.swift; path = DocCollectionViewCell.swift; sourceTree = "<group>"; };
		6718AA8C2324F3CE00992892 /* Sample-doc-file-100kb.doc */ = {isa = PBXFileReference; lastKnownFileType = file; path = "Sample-doc-file-100kb.doc"; sourceTree = "<group>"; };
		6718AA8F2324F59B00992892 /* WebKit.framework */ = {isa = PBXFileReference; lastKnownFileType = wrapper.framework; name = WebKit.framework; path = System/Library/Frameworks/WebKit.framework; sourceTree = SDKROOT; };
		6718AA9123251FEA00992892 /* SampleVideo_1280x720_20mb.mp4 */ = {isa = PBXFileReference; lastKnownFileType = file; path = SampleVideo_1280x720_20mb.mp4; sourceTree = "<group>"; };
		6718AA9323252F9F00992892 /* VideoCollectionViewCell.swift */ = {isa = PBXFileReference; lastKnownFileType = sourcecode.swift; path = VideoCollectionViewCell.swift; sourceTree = "<group>"; };
		6718AA952325360300992892 /* ImageCollectionViewCell.swift */ = {isa = PBXFileReference; lastKnownFileType = sourcecode.swift; path = ImageCollectionViewCell.swift; sourceTree = "<group>"; };
		67CE52952322B593004189C8 /* ContentModel.swift */ = {isa = PBXFileReference; lastKnownFileType = sourcecode.swift; path = ContentModel.swift; sourceTree = "<group>"; };
		67CE52972322B5C5004189C8 /* ContentService.swift */ = {isa = PBXFileReference; lastKnownFileType = sourcecode.swift; path = ContentService.swift; sourceTree = "<group>"; };
		67CE52992322B612004189C8 /* ContentPresenter.swift */ = {isa = PBXFileReference; lastKnownFileType = sourcecode.swift; path = ContentPresenter.swift; sourceTree = "<group>"; };
		67E2A7442322427F00F6027A /* DemoApp2.app */ = {isa = PBXFileReference; explicitFileType = wrapper.application; includeInIndex = 0; path = DemoApp2.app; sourceTree = BUILT_PRODUCTS_DIR; };
		67E2A7472322427F00F6027A /* AppDelegate.swift */ = {isa = PBXFileReference; lastKnownFileType = sourcecode.swift; path = AppDelegate.swift; sourceTree = "<group>"; };
		67E2A74C2322427F00F6027A /* Base */ = {isa = PBXFileReference; lastKnownFileType = file.storyboard; name = Base; path = Base.lproj/Main.storyboard; sourceTree = "<group>"; };
		67E2A74E2322428000F6027A /* Assets.xcassets */ = {isa = PBXFileReference; lastKnownFileType = folder.assetcatalog; path = Assets.xcassets; sourceTree = "<group>"; };
		67E2A7512322428000F6027A /* Base */ = {isa = PBXFileReference; lastKnownFileType = file.storyboard; name = Base; path = Base.lproj/LaunchScreen.storyboard; sourceTree = "<group>"; };
		67E2A7532322428000F6027A /* Info.plist */ = {isa = PBXFileReference; lastKnownFileType = text.plist.xml; path = Info.plist; sourceTree = "<group>"; };
		67F2280223239A7800346217 /* ContentViewController.swift */ = {isa = PBXFileReference; lastKnownFileType = sourcecode.swift; path = ContentViewController.swift; sourceTree = "<group>"; };
/* End PBXFileReference section */

/* Begin PBXFrameworksBuildPhase section */
		67E2A7412322427F00F6027A /* Frameworks */ = {
			isa = PBXFrameworksBuildPhase;
			buildActionMask = 2147483647;
			files = (
				6718AA902324F59B00992892 /* WebKit.framework in Frameworks */,
			);
			runOnlyForDeploymentPostprocessing = 0;
		};
/* End PBXFrameworksBuildPhase section */

/* Begin PBXGroup section */
		6718AA872324E55A00992892 /* Resources */ = {
			isa = PBXGroup;
			children = (
				6718AA9123251FEA00992892 /* SampleVideo_1280x720_20mb.mp4 */,
				6718AA8C2324F3CE00992892 /* Sample-doc-file-100kb.doc */,
				6718AA882324E5CF00992892 /* Sample_pdf__150kB.pdf */,
			);
			path = Resources;
			sourceTree = "<group>";
		};
		6718AA8E2324F59B00992892 /* Frameworks */ = {
			isa = PBXGroup;
			children = (
				6718AA8F2324F59B00992892 /* WebKit.framework */,
			);
			name = Frameworks;
			sourceTree = "<group>";
		};
		67CE52912322B49E004189C8 /* DataSource */ = {
			isa = PBXGroup;
			children = (
				67CE52972322B5C5004189C8 /* ContentService.swift */,
				6718AA832324D66300992892 /* Constant.swift */,
			);
			path = DataSource;
			sourceTree = "<group>";
		};
		67CE52922322B4B2004189C8 /* Presenters */ = {
			isa = PBXGroup;
			children = (
				67CE52992322B612004189C8 /* ContentPresenter.swift */,
			);
			path = Presenters;
			sourceTree = "<group>";
		};
		67CE52932322B4C6004189C8 /* Views */ = {
			isa = PBXGroup;
			children = (
				67F2280223239A7800346217 /* ContentViewController.swift */,
				6718AA852324E1F000992892 /* PDFCollectionViewCell.swift */,
				6718AA8A2324EB1600992892 /* DocCollectionViewCell.swift */,
				6718AA9323252F9F00992892 /* VideoCollectionViewCell.swift */,
				6718AA952325360300992892 /* ImageCollectionViewCell.swift */,
			);
			path = Views;
			sourceTree = "<group>";
		};
		67CE52942322B4DB004189C8 /* Models */ = {
			isa = PBXGroup;
			children = (
				67CE52952322B593004189C8 /* ContentModel.swift */,
			);
			path = Models;
			sourceTree = "<group>";
		};
		67E2A73B2322427F00F6027A = {
			isa = PBXGroup;
			children = (
				67E2A7462322427F00F6027A /* DemoApp2 */,
				67E2A7452322427F00F6027A /* Products */,
				6718AA8E2324F59B00992892 /* Frameworks */,
			);
			sourceTree = "<group>";
		};
		67E2A7452322427F00F6027A /* Products */ = {
			isa = PBXGroup;
			children = (
				67E2A7442322427F00F6027A /* DemoApp2.app */,
			);
			name = Products;
			sourceTree = "<group>";
		};
		67E2A7462322427F00F6027A /* DemoApp2 */ = {
			isa = PBXGroup;
			children = (
				6718AA872324E55A00992892 /* Resources */,
				67CE52942322B4DB004189C8 /* Models */,
				67CE52932322B4C6004189C8 /* Views */,
				67CE52922322B4B2004189C8 /* Presenters */,
				67CE52912322B49E004189C8 /* DataSource */,
				67E2A7472322427F00F6027A /* AppDelegate.swift */,
				67E2A74B2322427F00F6027A /* Main.storyboard */,
				67E2A74E2322428000F6027A /* Assets.xcassets */,
				67E2A7502322428000F6027A /* LaunchScreen.storyboard */,
				67E2A7532322428000F6027A /* Info.plist */,
			);
			path = DemoApp2;
			sourceTree = "<group>";
		};
/* End PBXGroup section */

/* Begin PBXNativeTarget section */
		67E2A7432322427F00F6027A /* DemoApp2 */ = {
			isa = PBXNativeTarget;
			buildConfigurationList = 67E2A7562322428000F6027A /* Build configuration list for PBXNativeTarget "DemoApp2" */;
			buildPhases = (
				67E2A7402322427F00F6027A /* Sources */,
				67E2A7412322427F00F6027A /* Frameworks */,
				67E2A7422322427F00F6027A /* Resources */,
			);
			buildRules = (
			);
			dependencies = (
			);
			name = DemoApp2;
			productName = DemoApp2;
			productReference = 67E2A7442322427F00F6027A /* DemoApp2.app */;
			productType = "com.apple.product-type.application";
		};
/* End PBXNativeTarget section */

/* Begin PBXProject section */
		67E2A73C2322427F00F6027A /* Project object */ = {
			isa = PBXProject;
			attributes = {
				LastSwiftUpdateCheck = 1030;
				LastUpgradeCheck = 1030;
				ORGANIZATIONNAME = "Pramod Kumar Pranav";
				TargetAttributes = {
					67E2A7432322427F00F6027A = {
						CreatedOnToolsVersion = 10.3;
					};
				};
			};
			buildConfigurationList = 67E2A73F2322427F00F6027A /* Build configuration list for PBXProject "DemoApp2" */;
			compatibilityVersion = "Xcode 9.3";
			developmentRegion = en;
			hasScannedForEncodings = 0;
			knownRegions = (
				en,
				Base,
			);
			mainGroup = 67E2A73B2322427F00F6027A;
			productRefGroup = 67E2A7452322427F00F6027A /* Products */;
			projectDirPath = "";
			projectRoot = "";
			targets = (
				67E2A7432322427F00F6027A /* DemoApp2 */,
			);
		};
/* End PBXProject section */

/* Begin PBXResourcesBuildPhase section */
		67E2A7422322427F00F6027A /* Resources */ = {
			isa = PBXResourcesBuildPhase;
			buildActionMask = 2147483647;
			files = (
				6718AA9223251FEA00992892 /* SampleVideo_1280x720_20mb.mp4 in Resources */,
				67E2A7522322428000F6027A /* LaunchScreen.storyboard in Resources */,
				67E2A74F2322428000F6027A /* Assets.xcassets in Resources */,
				67E2A74D2322427F00F6027A /* Main.storyboard in Resources */,
				6718AA8D2324F3CE00992892 /* Sample-doc-file-100kb.doc in Resources */,
				6718AA892324E5CF00992892 /* Sample_pdf__150kB.pdf in Resources */,
			);
			runOnlyForDeploymentPostprocessing = 0;
		};
/* End PBXResourcesBuildPhase section */

/* Begin PBXSourcesBuildPhase section */
		67E2A7402322427F00F6027A /* Sources */ = {
			isa = PBXSourcesBuildPhase;
			buildActionMask = 2147483647;
			files = (
				6718AA842324D66300992892 /* Constant.swift in Sources */,
				6718AA962325360300992892 /* ImageCollectionViewCell.swift in Sources */,
				6718AA8B2324EB1600992892 /* DocCollectionViewCell.swift in Sources */,
				67E2A7482322427F00F6027A /* AppDelegate.swift in Sources */,
				67CE52962322B593004189C8 /* ContentModel.swift in Sources */,
				67CE52982322B5C5004189C8 /* ContentService.swift in Sources */,
				67F2280323239A7800346217 /* ContentViewController.swift in Sources */,
				67CE529A2322B612004189C8 /* ContentPresenter.swift in Sources */,
				6718AA9423252F9F00992892 /* VideoCollectionViewCell.swift in Sources */,
				6718AA862324E1F000992892 /* PDFCollectionViewCell.swift in Sources */,
			);
			runOnlyForDeploymentPostprocessing = 0;
		};
/* End PBXSourcesBuildPhase section */

/* Begin PBXVariantGroup section */
		67E2A74B2322427F00F6027A /* Main.storyboard */ = {
			isa = PBXVariantGroup;
			children = (
				67E2A74C2322427F00F6027A /* Base */,
			);
			name = Main.storyboard;
			sourceTree = "<group>";
		};
		67E2A7502322428000F6027A /* LaunchScreen.storyboard */ = {
			isa = PBXVariantGroup;
			children = (
				67E2A7512322428000F6027A /* Base */,
			);
			name = LaunchScreen.storyboard;
			sourceTree = "<group>";
		};
/* End PBXVariantGroup section */

/* Begin XCBuildConfiguration section */
		67E2A7542322428000F6027A /* Debug */ = {
			isa = XCBuildConfiguration;
			buildSettings = {
				ALWAYS_SEARCH_USER_PATHS = NO;
				CLANG_ANALYZER_NONNULL = YES;
				CLANG_ANALYZER_NUMBER_OBJECT_CONVERSION = YES_AGGRESSIVE;
				CLANG_CXX_LANGUAGE_STANDARD = "gnu++14";
				CLANG_CXX_LIBRARY = "libc++";
				CLANG_ENABLE_MODULES = YES;
				CLANG_ENABLE_OBJC_ARC = YES;
				CLANG_ENABLE_OBJC_WEAK = YES;
				CLANG_WARN_BLOCK_CAPTURE_AUTORELEASING = YES;
				CLANG_WARN_BOOL_CONVERSION = YES;
				CLANG_WARN_COMMA = YES;
				CLANG_WARN_CONSTANT_CONVERSION = YES;
				CLANG_WARN_DEPRECATED_OBJC_IMPLEMENTATIONS = YES;
				CLANG_WARN_DIRECT_OBJC_ISA_USAGE = YES_ERROR;
				CLANG_WARN_DOCUMENTATION_COMMENTS = YES;
				CLANG_WARN_EMPTY_BODY = YES;
				CLANG_WARN_ENUM_CONVERSION = YES;
				CLANG_WARN_INFINITE_RECURSION = YES;
				CLANG_WARN_INT_CONVERSION = YES;
				CLANG_WARN_NON_LITERAL_NULL_CONVERSION = YES;
				CLANG_WARN_OBJC_IMPLICIT_RETAIN_SELF = YES;
				CLANG_WARN_OBJC_LITERAL_CONVERSION = YES;
				CLANG_WARN_OBJC_ROOT_CLASS = YES_ERROR;
				CLANG_WARN_RANGE_LOOP_ANALYSIS = YES;
				CLANG_WARN_STRICT_PROTOTYPES = YES;
				CLANG_WARN_SUSPICIOUS_MOVE = YES;
				CLANG_WARN_UNGUARDED_AVAILABILITY = YES_AGGRESSIVE;
				CLANG_WARN_UNREACHABLE_CODE = YES;
				CLANG_WARN__DUPLICATE_METHOD_MATCH = YES;
				CODE_SIGN_IDENTITY = "iPhone Developer";
				COPY_PHASE_STRIP = NO;
				DEBUG_INFORMATION_FORMAT = dwarf;
				ENABLE_STRICT_OBJC_MSGSEND = YES;
				ENABLE_TESTABILITY = YES;
				GCC_C_LANGUAGE_STANDARD = gnu11;
				GCC_DYNAMIC_NO_PIC = NO;
				GCC_NO_COMMON_BLOCKS = YES;
				GCC_OPTIMIZATION_LEVEL = 0;
				GCC_PREPROCESSOR_DEFINITIONS = (
					"DEBUG=1",
					"$(inherited)",
				);
				GCC_WARN_64_TO_32_BIT_CONVERSION = YES;
				GCC_WARN_ABOUT_RETURN_TYPE = YES_ERROR;
				GCC_WARN_UNDECLARED_SELECTOR = YES;
				GCC_WARN_UNINITIALIZED_AUTOS = YES_AGGRESSIVE;
				GCC_WARN_UNUSED_FUNCTION = YES;
				GCC_WARN_UNUSED_VARIABLE = YES;
				IPHONEOS_DEPLOYMENT_TARGET = 12.4;
				MTL_ENABLE_DEBUG_INFO = INCLUDE_SOURCE;
				MTL_FAST_MATH = YES;
				ONLY_ACTIVE_ARCH = YES;
				SDKROOT = iphoneos;
				SWIFT_ACTIVE_COMPILATION_CONDITIONS = DEBUG;
				SWIFT_OPTIMIZATION_LEVEL = "-Onone";
			};
			name = Debug;
		};
		67E2A7552322428000F6027A /* Release */ = {
			isa = XCBuildConfiguration;
			buildSettings = {
				ALWAYS_SEARCH_USER_PATHS = NO;
				CLANG_ANALYZER_NONNULL = YES;
				CLANG_ANALYZER_NUMBER_OBJECT_CONVERSION = YES_AGGRESSIVE;
				CLANG_CXX_LANGUAGE_STANDARD = "gnu++14";
				CLANG_CXX_LIBRARY = "libc++";
				CLANG_ENABLE_MODULES = YES;
				CLANG_ENABLE_OBJC_ARC = YES;
				CLANG_ENABLE_OBJC_WEAK = YES;
				CLANG_WARN_BLOCK_CAPTURE_AUTORELEASING = YES;
				CLANG_WARN_BOOL_CONVERSION = YES;
				CLANG_WARN_COMMA = YES;
				CLANG_WARN_CONSTANT_CONVERSION = YES;
				CLANG_WARN_DEPRECATED_OBJC_IMPLEMENTATIONS = YES;
				CLANG_WARN_DIRECT_OBJC_ISA_USAGE = YES_ERROR;
				CLANG_WARN_DOCUMENTATION_COMMENTS = YES;
				CLANG_WARN_EMPTY_BODY = YES;
				CLANG_WARN_ENUM_CONVERSION = YES;
				CLANG_WARN_INFINITE_RECURSION = YES;
				CLANG_WARN_INT_CONVERSION = YES;
				CLANG_WARN_NON_LITERAL_NULL_CONVERSION = YES;
				CLANG_WARN_OBJC_IMPLICIT_RETAIN_SELF = YES;
				CLANG_WARN_OBJC_LITERAL_CONVERSION = YES;
				CLANG_WARN_OBJC_ROOT_CLASS = YES_ERROR;
				CLANG_WARN_RANGE_LOOP_ANALYSIS = YES;
				CLANG_WARN_STRICT_PROTOTYPES = YES;
				CLANG_WARN_SUSPICIOUS_MOVE = YES;
				CLANG_WARN_UNGUARDED_AVAILABILITY = YES_AGGRESSIVE;
				CLANG_WARN_UNREACHABLE_CODE = YES;
				CLANG_WARN__DUPLICATE_METHOD_MATCH = YES;
				CODE_SIGN_IDENTITY = "iPhone Developer";
				COPY_PHASE_STRIP = NO;
				DEBUG_INFORMATION_FORMAT = "dwarf-with-dsym";
				ENABLE_NS_ASSERTIONS = NO;
				ENABLE_STRICT_OBJC_MSGSEND = YES;
				GCC_C_LANGUAGE_STANDARD = gnu11;
				GCC_NO_COMMON_BLOCKS = YES;
				GCC_WARN_64_TO_32_BIT_CONVERSION = YES;
				GCC_WARN_ABOUT_RETURN_TYPE = YES_ERROR;
				GCC_WARN_UNDECLARED_SELECTOR = YES;
				GCC_WARN_UNINITIALIZED_AUTOS = YES_AGGRESSIVE;
				GCC_WARN_UNUSED_FUNCTION = YES;
				GCC_WARN_UNUSED_VARIABLE = YES;
				IPHONEOS_DEPLOYMENT_TARGET = 12.4;
				MTL_ENABLE_DEBUG_INFO = NO;
				MTL_FAST_MATH = YES;
				SDKROOT = iphoneos;
				SWIFT_COMPILATION_MODE = wholemodule;
				SWIFT_OPTIMIZATION_LEVEL = "-O";
				VALIDATE_PRODUCT = YES;
			};
			name = Release;
		};
		67E2A7572322428000F6027A /* Debug */ = {
			isa = XCBuildConfiguration;
			buildSettings = {
				ASSETCATALOG_COMPILER_APPICON_NAME = AppIcon;
				CODE_SIGN_STYLE = Automatic;
				INFOPLIST_FILE = DemoApp2/Info.plist;
				LD_RUNPATH_SEARCH_PATHS = (
					"$(inherited)",
					"@executable_path/Frameworks",
				);
				PRODUCT_BUNDLE_IDENTIFIER = PK.DemoApp2;
				PRODUCT_NAME = "$(TARGET_NAME)";
				SWIFT_VERSION = 5.0;
				TARGETED_DEVICE_FAMILY = "1,2";
			};
			name = Debug;
		};
		67E2A7582322428000F6027A /* Release */ = {
			isa = XCBuildConfiguration;
			buildSettings = {
				ASSETCATALOG_COMPILER_APPICON_NAME = AppIcon;
				CODE_SIGN_STYLE = Automatic;
				INFOPLIST_FILE = DemoApp2/Info.plist;
				LD_RUNPATH_SEARCH_PATHS = (
					"$(inherited)",
					"@executable_path/Frameworks",
				);
				PRODUCT_BUNDLE_IDENTIFIER = PK.DemoApp2;
				PRODUCT_NAME = "$(TARGET_NAME)";
				SWIFT_VERSION = 5.0;
				TARGETED_DEVICE_FAMILY = "1,2";
			};
			name = Release;
		};
/* End XCBuildConfiguration section */

/* Begin XCConfigurationList section */
		67E2A73F2322427F00F6027A /* Build configuration list for PBXProject "DemoApp2" */ = {
			isa = XCConfigurationList;
			buildConfigurations = (
				67E2A7542322428000F6027A /* Debug */,
				67E2A7552322428000F6027A /* Release */,
			);
			defaultConfigurationIsVisible = 0;
			defaultConfigurationName = Release;
		};
		67E2A7562322428000F6027A /* Build configuration list for PBXNativeTarget "DemoApp2" */ = {
			isa = XCConfigurationList;
			buildConfigurations = (
				67E2A7572322428000F6027A /* Debug */,
				67E2A7582322428000F6027A /* Release */,
			);
			defaultConfigurationIsVisible = 0;
			defaultConfigurationName = Release;
		};
/* End XCConfigurationList section */
	};
	rootObject = 67E2A73C2322427F00F6027A /* Project object */;
}
